dependencies:
- name: mysql
  repository: file://charts/mysql
  version: 0.1.0
- name: influxdb
  repository: file://charts/influxdb
  version: 0.1.0
- name: loki
  repository: file://charts/loki
  version: 0.1.0
- name: grafana
  repository: file://charts/grafana
  version: 0.1.0
- name: apinto
  repository: file://charts/apinto
  version: 1.1.1
- name: redis
  repository: file://charts/redis
  version: 0.1.0
- name: nsq
  repository: file://charts/nsq
  version: 0.1.0
digest: sha256:148aaf08e9531c088db2c3a7458a016a797e3e1ce64b12e8a9aba834edfedd28
generated: "2026-02-18T10:43:04.139445+05:30"
