dependencies:
- name: mysql
  repository: file://charts/mysql
  version: 0.1.0
- name: influxdb
  repository: file://charts/influxdb
  version: 0.1.0
- name: loki
  repository: file://charts/loki
  version: 0.1.0
- name: grafana
  repository: file://charts/grafana
  version: 0.1.0
- name: apinto
  repository: file://charts/apinto
  version: 1.1.0
- name: redis
  repository: file://charts/redis
  version: 0.1.0
- name: nsq
  repository: file://charts/nsq
  version: 0.1.0
digest: sha256:7ed88b3f656e669f9a48ff8f1da307f9623c6cdba18820553e79d832ad172e70
generated: "2026-02-18T10:19:34.339679+05:30"
